
Microsoft Visual Studio Solution File, Format Version 12.00
# Visual Studio 15
VisualStudioVersion = 15.0.26124.0
MinimumVisualStudioVersion = 15.0.26124.0
Project("{9A19103F-16F7-4668-BE54-9A1E7A4F7556}") = "fostering-service", "src\fostering-service.csproj", "{CD672EDB-C2B0-4E9F-9DB3-906EFCF431BF}"
EndProject
Project("{9A19103F-16F7-4668-BE54-9A1E7A4F7556}") = "fostering-service-tests", "tests\fostering-service-tests.csproj", "{E06058D9-E0C3-45B0-A8E8-5C133A3B6A96}"
EndProject
Global
	GlobalSection(SolutionConfigurationPlatforms) = preSolution
		Debug|Any CPU = Debug|Any CPU
		Release|Any CPU = Release|Any CPU
	EndGlobalSection
	GlobalSection(ProjectConfigurationPlatforms) = postSolution
		{CD672EDB-C2B0-4E9F-9DB3-906EFCF431BF}.Debug|Any CPU.ActiveCfg = Debug|Any CPU
		{CD672EDB-C2B0-4E9F-9DB3-906EFCF431BF}.Debug|Any CPU.Build.0 = Debug|Any CPU
		{CD672EDB-C2B0-4E9F-9DB3-906EFCF431BF}.Release|Any CPU.ActiveCfg = Release|Any CPU
		{CD672EDB-C2B0-4E9F-9DB3-906EFCF431BF}.Release|Any CPU.Build.0 = Release|Any CPU
		{E06058D9-E0C3-45B0-A8E8-5C133A3B6A96}.Debug|Any CPU.ActiveCfg = Debug|Any CPU
		{E06058D9-E0C3-45B0-A8E8-5C133A3B6A96}.Debug|Any CPU.Build.0 = Debug|Any CPU
		{E06058D9-E0C3-45B0-A8E8-5C133A3B6A96}.Release|Any CPU.ActiveCfg = Release|Any CPU
		{E06058D9-E0C3-45B0-A8E8-5C133A3B6A96}.Release|Any CPU.Build.0 = Release|Any CPU
	EndGlobalSection
	GlobalSection(SolutionProperties) = preSolution
		HideSolutionNode = FALSE
	EndGlobalSection
	GlobalSection(ExtensibilityGlobals) = postSolution
		SolutionGuid = {69107916-8E53-486B-9540-F3C6F11D04E3}
	EndGlobalSection
EndGlobal
